// !$*UTF8*$!
{
	archiveVersion = 1;
	classes = {
	};
	objectVersion = 46;
	objects = {

/* Begin PBXBuildFile section */
		843BDBB019337E5700D525EA /* DCSideMenuViewController.m in Sources */ = {isa = PBXBuildFile; fileRef = 843BDBAF19337E5700D525EA /* DCSideMenuViewController.m */; };
		8464BA91192A1DD7002987DF /* DCLeftSideMenuTableViewController.m in Sources */ = {isa = PBXBuildFile; fileRef = 8464BA90192A1DD7002987DF /* DCLeftSideMenuTableViewController.m */; };
		849E333C192CAA2E00D8C914 /* DCSideMenuViewControllerSubclass.m in Sources */ = {isa = PBXBuildFile; fileRef = 849E333B192CAA2E00D8C914 /* DCSideMenuViewControllerSubclass.m */; };
		849E333F192CE46700D8C914 /* DCLeftItemSideViewController.m in Sources */ = {isa = PBXBuildFile; fileRef = 849E333E192CE46700D8C914 /* DCLeftItemSideViewController.m */; };
		84F718DA192A14A300709A08 /* Foundation.framework in Frameworks */ = {isa = PBXBuildFile; fileRef = 84F718D9192A14A300709A08 /* Foundation.framework */; };
		84F718DC192A14A300709A08 /* CoreGraphics.framework in Frameworks */ = {isa = PBXBuildFile; fileRef = 84F718DB192A14A300709A08 /* CoreGraphics.framework */; };
		84F718DE192A14A300709A08 /* UIKit.framework in Frameworks */ = {isa = PBXBuildFile; fileRef = 84F718DD192A14A300709A08 /* UIKit.framework */; };
		84F718E4192A14A300709A08 /* InfoPlist.strings in Resources */ = {isa = PBXBuildFile; fileRef = 84F718E2192A14A300709A08 /* InfoPlist.strings */; };
		84F718E6192A14A300709A08 /* main.m in Sources */ = {isa = PBXBuildFile; fileRef = 84F718E5192A14A300709A08 /* main.m */; };
		84F718EA192A14A300709A08 /* DCAppDelegate.m in Sources */ = {isa = PBXBuildFile; fileRef = 84F718E9192A14A300709A08 /* DCAppDelegate.m */; };
		84F718F3192A14A300709A08 /* DCFirstViewController.m in Sources */ = {isa = PBXBuildFile; fileRef = 84F718F2192A14A300709A08 /* DCFirstViewController.m */; };
		84F718F6192A14A300709A08 /* DCSecondViewController.m in Sources */ = {isa = PBXBuildFile; fileRef = 84F718F5192A14A300709A08 /* DCSecondViewController.m */; };
		84F718F8192A14A300709A08 /* Images.xcassets in Resources */ = {isa = PBXBuildFile; fileRef = 84F718F7192A14A300709A08 /* Images.xcassets */; };
		84F77F1E192E2F610050F8CC /* Main.storyboard in Resources */ = {isa = PBXBuildFile; fileRef = 84F77F1C192E2F610050F8CC /* Main.storyboard */; };
/* End PBXBuildFile section */

/* Begin PBXFileReference section */
		843BDBAE19337E5700D525EA /* DCSideMenuViewController.h */ = {isa = PBXFileReference; fileEncoding = 4; lastKnownFileType = sourcecode.c.h; path = DCSideMenuViewController.h; sourceTree = "<group>"; };
		843BDBAF19337E5700D525EA /* DCSideMenuViewController.m */ = {isa = PBXFileReference; fileEncoding = 4; lastKnownFileType = sourcecode.c.objc; path = DCSideMenuViewController.m; sourceTree = "<group>"; };
		843BDBB119338FD800D525EA /* DCSideMenuProtocol.h */ = {isa = PBXFileReference; lastKnownFileType = sourcecode.c.h; path = DCSideMenuProtocol.h; sourceTree = "<group>"; };
		8464BA8F192A1DD7002987DF /* DCLeftSideMenuTableViewController.h */ = {isa = PBXFileReference; fileEncoding = 4; lastKnownFileType = sourcecode.c.h; path = DCLeftSideMenuTableViewController.h; sourceTree = "<group>"; };
		8464BA90192A1DD7002987DF /* DCLeftSideMenuTableViewController.m */ = {isa = PBXFileReference; fileEncoding = 4; lastKnownFileType = sourcecode.c.objc; path = DCLeftSideMenuTableViewController.m; sourceTree = "<group>"; };
		849E333A192CAA2E00D8C914 /* DCSideMenuViewControllerSubclass.h */ = {isa = PBXFileReference; fileEncoding = 4; lastKnownFileType = sourcecode.c.h; path = DCSideMenuViewControllerSubclass.h; sourceTree = "<group>"; };
		849E333B192CAA2E00D8C914 /* DCSideMenuViewControllerSubclass.m */ = {isa = PBXFileReference; fileEncoding = 4; lastKnownFileType = sourcecode.c.objc; path = DCSideMenuViewControllerSubclass.m; sourceTree = "<group>"; };
		849E333D192CE46700D8C914 /* DCLeftItemSideViewController.h */ = {isa = PBXFileReference; fileEncoding = 4; lastKnownFileType = sourcecode.c.h; path = DCLeftItemSideViewController.h; sourceTree = "<group>"; };
		849E333E192CE46700D8C914 /* DCLeftItemSideViewController.m */ = {isa = PBXFileReference; fileEncoding = 4; lastKnownFileType = sourcecode.c.objc; path = DCLeftItemSideViewController.m; sourceTree = "<group>"; };
		84F718D6192A14A300709A08 /* DCSlideMenu.app */ = {isa = PBXFileReference; explicitFileType = wrapper.application; includeInIndex = 0; path = DCSlideMenu.app; sourceTree = BUILT_PRODUCTS_DIR; };
		84F718D9192A14A300709A08 /* Foundation.framework */ = {isa = PBXFileReference; lastKnownFileType = wrapper.framework; name = Foundation.framework; path = System/Library/Frameworks/Foundation.framework; sourceTree = SDKROOT; };
		84F718DB192A14A300709A08 /* CoreGraphics.framework */ = {isa = PBXFileReference; lastKnownFileType = wrapper.framework; name = CoreGraphics.framework; path = System/Library/Frameworks/CoreGraphics.framework; sourceTree = SDKROOT; };
		84F718DD192A14A300709A08 /* UIKit.framework */ = {isa = PBXFileReference; lastKnownFileType = wrapper.framework; name = UIKit.framework; path = System/Library/Frameworks/UIKit.framework; sourceTree = SDKROOT; };
		84F718E1192A14A300709A08 /* DCSlideMenu-Info.plist */ = {isa = PBXFileReference; lastKnownFileType = text.plist.xml; path = "DCSlideMenu-Info.plist"; sourceTree = "<group>"; };
		84F718E3192A14A300709A08 /* en */ = {isa = PBXFileReference; lastKnownFileType = text.plist.strings; name = en; path = en.lproj/InfoPlist.strings; sourceTree = "<group>"; };
		84F718E5192A14A300709A08 /* main.m */ = {isa = PBXFileReference; lastKnownFileType = sourcecode.c.objc; path = main.m; sourceTree = "<group>"; };
		84F718E7192A14A300709A08 /* DCSlideMenu-Prefix.pch */ = {isa = PBXFileReference; lastKnownFileType = sourcecode.c.h; path = "DCSlideMenu-Prefix.pch"; sourceTree = "<group>"; };
		84F718E8192A14A300709A08 /* DCAppDelegate.h */ = {isa = PBXFileReference; lastKnownFileType = sourcecode.c.h; path = DCAppDelegate.h; sourceTree = "<group>"; };
		84F718E9192A14A300709A08 /* DCAppDelegate.m */ = {isa = PBXFileReference; lastKnownFileType = sourcecode.c.objc; path = DCAppDelegate.m; sourceTree = "<group>"; };
		84F718F1192A14A300709A08 /* DCFirstViewController.h */ = {isa = PBXFileReference; lastKnownFileType = sourcecode.c.h; path = DCFirstViewController.h; sourceTree = "<group>"; };
		84F718F2192A14A300709A08 /* DCFirstViewController.m */ = {isa = PBXFileReference; lastKnownFileType = sourcecode.c.objc; path = DCFirstViewController.m; sourceTree = "<group>"; };
		84F718F4192A14A300709A08 /* DCSecondViewController.h */ = {isa = PBXFileReference; lastKnownFileType = sourcecode.c.h; path = DCSecondViewController.h; sourceTree = "<group>"; };
		84F718F5192A14A300709A08 /* DCSecondViewController.m */ = {isa = PBXFileReference; lastKnownFileType = sourcecode.c.objc; path = DCSecondViewController.m; sourceTree = "<group>"; };
		84F718F7192A14A300709A08 /* Images.xcassets */ = {isa = PBXFileReference; lastKnownFileType = folder.assetcatalog; path = Images.xcassets; sourceTree = "<group>"; };
		84F77F1D192E2F610050F8CC /* en */ = {isa = PBXFileReference; lastKnownFileType = file.storyboard; name = en; path = DCSlideMenu/en.lproj/Main.storyboard; sourceTree = "<group>"; };
/* End PBXFileReference section */

/* Begin PBXFrameworksBuildPhase section */
		84F718D3192A14A300709A08 /* Frameworks */ = {
			isa = PBXFrameworksBuildPhase;
			buildActionMask = 2147483647;
			files = (
				84F718DC192A14A300709A08 /* CoreGraphics.framework in Frameworks */,
				84F718DE192A14A300709A08 /* UIKit.framework in Frameworks */,
				84F718DA192A14A300709A08 /* Foundation.framework in Frameworks */,
			);
			runOnlyForDeploymentPostprocessing = 0;
		};
/* End PBXFrameworksBuildPhase section */

/* Begin PBXGroup section */
		8464BA88192A1786002987DF /* DCSIdeMenu */ = {
			isa = PBXGroup;
			children = (
				843BDBAE19337E5700D525EA /* DCSideMenuViewController.h */,
				843BDBAF19337E5700D525EA /* DCSideMenuViewController.m */,
				843BDBB119338FD800D525EA /* DCSideMenuProtocol.h */,
			);
			name = DCSIdeMenu;
			sourceTree = "<group>";
		};
		849E3339192CA65100D8C914 /* Main */ = {
			isa = PBXGroup;
			children = (
				849E3342192CE99300D8C914 /* Menu Subclass */,
				849E3341192CE98B00D8C914 /* Table View */,
				849E3340192CE97C00D8C914 /* Items/Buttons */,
				849E3344192CE9F200D8C914 /* View Controllers */,
			);
			name = Main;
			sourceTree = "<group>";
		};
		849E3340192CE97C00D8C914 /* Items/Buttons */ = {
			isa = PBXGroup;
			children = (
				849E333D192CE46700D8C914 /* DCLeftItemSideViewController.h */,
				849E333E192CE46700D8C914 /* DCLeftItemSideViewController.m */,
			);
			name = Items/Buttons;
			sourceTree = "<group>";
		};
		849E3341192CE98B00D8C914 /* Table View */ = {
			isa = PBXGroup;
			children = (
				8464BA8F192A1DD7002987DF /* DCLeftSideMenuTableViewController.h */,
				8464BA90192A1DD7002987DF /* DCLeftSideMenuTableViewController.m */,
			);
			name = "Table View";
			sourceTree = "<group>";
		};
		849E3342192CE99300D8C914 /* Menu Subclass */ = {
			isa = PBXGroup;
			children = (
				849E333A192CAA2E00D8C914 /* DCSideMenuViewControllerSubclass.h */,
				849E333B192CAA2E00D8C914 /* DCSideMenuViewControllerSubclass.m */,
			);
			name = "Menu Subclass";
			sourceTree = "<group>";
		};
		849E3343192CE9EB00D8C914 /* App Delegate */ = {
			isa = PBXGroup;
			children = (
				84F718E8192A14A300709A08 /* DCAppDelegate.h */,
				84F718E9192A14A300709A08 /* DCAppDelegate.m */,
			);
			name = "App Delegate";
			sourceTree = "<group>";
		};
		849E3344192CE9F200D8C914 /* View Controllers */ = {
			isa = PBXGroup;
			children = (
				84F718F1192A14A300709A08 /* DCFirstViewController.h */,
				84F718F2192A14A300709A08 /* DCFirstViewController.m */,
				84F718F4192A14A300709A08 /* DCSecondViewController.h */,
				84F718F5192A14A300709A08 /* DCSecondViewController.m */,
			);
			name = "View Controllers";
			sourceTree = "<group>";
		};
		84F718CD192A14A300709A08 = {
			isa = PBXGroup;
			children = (
				84F718DF192A14A300709A08 /* DCSlideMenu */,
				84F718D8192A14A300709A08 /* Frameworks */,
				84F718D7192A14A300709A08 /* Products */,
			);
			sourceTree = "<group>";
		};
		84F718D7192A14A300709A08 /* Products */ = {
			isa = PBXGroup;
			children = (
				84F718D6192A14A300709A08 /* DCSlideMenu.app */,
			);
			name = Products;
			sourceTree = "<group>";
		};
		84F718D8192A14A300709A08 /* Frameworks */ = {
			isa = PBXGroup;
			children = (
				84F718D9192A14A300709A08 /* Foundation.framework */,
				84F718DB192A14A300709A08 /* CoreGraphics.framework */,
				84F718DD192A14A300709A08 /* UIKit.framework */,
			);
			name = Frameworks;
			sourceTree = "<group>";
		};
		84F718DF192A14A300709A08 /* DCSlideMenu */ = {
			isa = PBXGroup;
			children = (
				84F77F1C192E2F610050F8CC /* Main.storyboard */,
				8464BA88192A1786002987DF /* DCSIdeMenu */,
				849E3339192CA65100D8C914 /* Main */,
				849E3343192CE9EB00D8C914 /* App Delegate */,
				84F718F7192A14A300709A08 /* Images.xcassets */,
				84F718E0192A14A300709A08 /* Supporting Files */,
			);
			path = DCSlideMenu;
			sourceTree = "<group>";
		};
		84F718E0192A14A300709A08 /* Supporting Files */ = {
			isa = PBXGroup;
			children = (
				84F718E1192A14A300709A08 /* DCSlideMenu-Info.plist */,
				84F718E2192A14A300709A08 /* InfoPlist.strings */,
				84F718E5192A14A300709A08 /* main.m */,
				84F718E7192A14A300709A08 /* DCSlideMenu-Prefix.pch */,
			);
			name = "Supporting Files";
			sourceTree = "<group>";
		};
/* End PBXGroup section */

/* Begin PBXNativeTarget section */
		84F718D5192A14A300709A08 /* DCSlideMenu */ = {
			isa = PBXNativeTarget;
			buildConfigurationList = 84F7190E192A14A300709A08 /* Build configuration list for PBXNativeTarget "DCSlideMenu" */;
			buildPhases = (
				84F718D2192A14A300709A08 /* Sources */,
				84F718D3192A14A300709A08 /* Frameworks */,
				84F718D4192A14A300709A08 /* Resources */,
			);
			buildRules = (
			);
			dependencies = (
			);
			name = DCSlideMenu;
			productName = DCSlideMenu;
			productReference = 84F718D6192A14A300709A08 /* DCSlideMenu.app */;
			productType = "com.apple.product-type.application";
		};
/* End PBXNativeTarget section */

/* Begin PBXProject section */
		84F718CE192A14A300709A08 /* Project object */ = {
			isa = PBXProject;
			attributes = {
				CLASSPREFIX = DC;
				LastUpgradeCheck = 0510;
				ORGANIZATIONNAME = "Dmitry Coolerov";
			};
			buildConfigurationList = 84F718D1192A14A300709A08 /* Build configuration list for PBXProject "DCSlideMenu" */;
			compatibilityVersion = "Xcode 3.2";
			developmentRegion = English;
			hasScannedForEncodings = 0;
			knownRegions = (
				en,
				Base,
			);
			mainGroup = 84F718CD192A14A300709A08;
			productRefGroup = 84F718D7192A14A300709A08 /* Products */;
			projectDirPath = "";
			projectRoot = "";
			targets = (
				84F718D5192A14A300709A08 /* DCSlideMenu */,
			);
		};
/* End PBXProject section */

/* Begin PBXResourcesBuildPhase section */
		84F718D4192A14A300709A08 /* Resources */ = {
			isa = PBXResourcesBuildPhase;
			buildActionMask = 2147483647;
			files = (
				84F77F1E192E2F610050F8CC /* Main.storyboard in Resources */,
				84F718F8192A14A300709A08 /* Images.xcassets in Resources */,
				84F718E4192A14A300709A08 /* InfoPlist.strings in Resources */,
			);
			runOnlyForDeploymentPostprocessing = 0;
		};
/* End PBXResourcesBuildPhase section */

/* Begin PBXSourcesBuildPhase section */
		84F718D2192A14A300709A08 /* Sources */ = {
			isa = PBXSourcesBuildPhase;
			buildActionMask = 2147483647;
			files = (
				849E333F192CE46700D8C914 /* DCLeftItemSideViewController.m in Sources */,
				84F718E6192A14A300709A08 /* main.m in Sources */,
				84F718F6192A14A300709A08 /* DCSecondViewController.m in Sources */,
				84F718F3192A14A300709A08 /* DCFirstViewController.m in Sources */,
				849E333C192CAA2E00D8C914 /* DCSideMenuViewControllerSubclass.m in Sources */,
				8464BA91192A1DD7002987DF /* DCLeftSideMenuTableViewController.m in Sources */,
				84F718EA192A14A300709A08 /* DCAppDelegate.m in Sources */,
				843BDBB019337E5700D525EA /* DCSideMenuViewController.m in Sources */,
			);
			runOnlyForDeploymentPostprocessing = 0;
		};
/* End PBXSourcesBuildPhase section */

/* Begin PBXVariantGroup section */
		84F718E2192A14A300709A08 /* InfoPlist.strings */ = {
			isa = PBXVariantGroup;
			children = (
				84F718E3192A14A300709A08 /* en */,
			);
			name = InfoPlist.strings;
			sourceTree = "<group>";
		};
		84F77F1C192E2F610050F8CC /* Main.storyboard */ = {
			isa = PBXVariantGroup;
			children = (
				84F77F1D192E2F610050F8CC /* en */,
			);
			name = Main.storyboard;
			path = ..;
			sourceTree = "<group>";
		};
/* End PBXVariantGroup section */

/* Begin XCBuildConfiguration section */
		84F7190C192A14A300709A08 /* Debug */ = {
			isa = XCBuildConfiguration;
			buildSettings = {
				ALWAYS_SEARCH_USER_PATHS = NO;
				CLANG_CXX_LANGUAGE_STANDARD = "gnu++0x";
				CLANG_CXX_LIBRARY = "libc++";
				CLANG_ENABLE_MODULES = YES;
				CLANG_ENABLE_OBJC_ARC = YES;
				CLANG_WARN_BOOL_CONVERSION = YES;
				CLANG_WARN_CONSTANT_CONVERSION = YES;
				CLANG_WARN_DIRECT_OBJC_ISA_USAGE = YES_ERROR;
				CLANG_WARN_EMPTY_BODY = YES;
				CLANG_WARN_ENUM_CONVERSION = YES;
				CLANG_WARN_INT_CONVERSION = YES;
				CLANG_WARN_OBJC_ROOT_CLASS = YES_ERROR;
				CLANG_WARN__DUPLICATE_METHOD_MATCH = YES;
				"CODE_SIGN_IDENTITY[sdk=iphoneos*]" = "iPhone Developer";
				COPY_PHASE_STRIP = NO;
				GCC_C_LANGUAGE_STANDARD = gnu99;
				GCC_DYNAMIC_NO_PIC = NO;
				GCC_OPTIMIZATION_LEVEL = 0;
				GCC_PREPROCESSOR_DEFINITIONS = (
					"DEBUG=1",
					"$(inherited)",
				);
				GCC_SYMBOLS_PRIVATE_EXTERN = NO;
				GCC_WARN_64_TO_32_BIT_CONVERSION = YES;
				GCC_WARN_ABOUT_RETURN_TYPE = YES_ERROR;
				GCC_WARN_UNDECLARED_SELECTOR = YES;
				GCC_WARN_UNINITIALIZED_AUTOS = YES_AGGRESSIVE;
				GCC_WARN_UNUSED_FUNCTION = YES;
				GCC_WARN_UNUSED_VARIABLE = YES;
				IPHONEOS_DEPLOYMENT_TARGET = 6.0;
				ONLY_ACTIVE_ARCH = YES;
				SDKROOT = iphoneos;
				TARGETED_DEVICE_FAMILY = "1,2";
			};
			name = Debug;
		};
		84F7190D192A14A300709A08 /* Release */ = {
			isa = XCBuildConfiguration;
			buildSettings = {
				ALWAYS_SEARCH_USER_PATHS = NO;
				CLANG_CXX_LANGUAGE_STANDARD = "gnu++0x";
				CLANG_CXX_LIBRARY = "libc++";
				CLANG_ENABLE_MODULES = YES;
				CLANG_ENABLE_OBJC_ARC = YES;
				CLANG_WARN_BOOL_CONVERSION = YES;
				CLANG_WARN_CONSTANT_CONVERSION = YES;
				CLANG_WARN_DIRECT_OBJC_ISA_USAGE = YES_ERROR;
				CLANG_WARN_EMPTY_BODY = YES;
				CLANG_WARN_ENUM_CONVERSION = YES;
				CLANG_WARN_INT_CONVERSION = YES;
				CLANG_WARN_OBJC_ROOT_CLASS = YES_ERROR;
				CLANG_WARN__DUPLICATE_METHOD_MATCH = YES;
				"CODE_SIGN_IDENTITY[sdk=iphoneos*]" = "iPhone Developer";
				COPY_PHASE_STRIP = YES;
				ENABLE_NS_ASSERTIONS = NO;
				GCC_C_LANGUAGE_STANDARD = gnu99;
				GCC_WARN_64_TO_32_BIT_CONVERSION = YES;
				GCC_WARN_ABOUT_RETURN_TYPE = YES_ERROR;
				GCC_WARN_UNDECLARED_SELECTOR = YES;
				GCC_WARN_UNINITIALIZED_AUTOS = YES_AGGRESSIVE;
				GCC_WARN_UNUSED_FUNCTION = YES;
				GCC_WARN_UNUSED_VARIABLE = YES;
				IPHONEOS_DEPLOYMENT_TARGET = 6.0;
				SDKROOT = iphoneos;
				TARGETED_DEVICE_FAMILY = "1,2";
				VALIDATE_PRODUCT = YES;
			};
			name = Release;
		};
		84F7190F192A14A300709A08 /* Debug */ = {
			isa = XCBuildConfiguration;
			buildSettings = {
				ASSETCATALOG_COMPILER_APPICON_NAME = AppIcon;
				ASSETCATALOG_COMPILER_LAUNCHIMAGE_NAME = LaunchImage;
				GCC_PRECOMPILE_PREFIX_HEADER = YES;
				GCC_PREFIX_HEADER = "DCSlideMenu/DCSlideMenu-Prefix.pch";
				INFOPLIST_FILE = "DCSlideMenu/DCSlideMenu-Info.plist";
				PRODUCT_NAME = "$(TARGET_NAME)";
				WRAPPER_EXTENSION = app;
			};
			name = Debug;
		};
		84F71910192A14A300709A08 /* Release */ = {
			isa = XCBuildConfiguration;
			buildSettings = {
				ASSETCATALOG_COMPILER_APPICON_NAME = AppIcon;
				ASSETCATALOG_COMPILER_LAUNCHIMAGE_NAME = LaunchImage;
				GCC_PRECOMPILE_PREFIX_HEADER = YES;
				GCC_PREFIX_HEADER = "DCSlideMenu/DCSlideMenu-Prefix.pch";
				INFOPLIST_FILE = "DCSlideMenu/DCSlideMenu-Info.plist";
				PRODUCT_NAME = "$(TARGET_NAME)";
				WRAPPER_EXTENSION = app;
			};
			name = Release;
		};
/* End XCBuildConfiguration section */

/* Begin XCConfigurationList section */
		84F718D1192A14A300709A08 /* Build configuration list for PBXProject "DCSlideMenu" */ = {
			isa = XCConfigurationList;
			buildConfigurations = (
				84F7190C192A14A300709A08 /* Debug */,
				84F7190D192A14A300709A08 /* Release */,
			);
			defaultConfigurationIsVisible = 0;
			defaultConfigurationName = Release;
		};
		84F7190E192A14A300709A08 /* Build configuration list for PBXNativeTarget "DCSlideMenu" */ = {
			isa = XCConfigurationList;
			buildConfigurations = (
				84F7190F192A14A300709A08 /* Debug */,
				84F71910192A14A300709A08 /* Release */,
			);
			defaultConfigurationIsVisible = 0;
			defaultConfigurationName = Release;
		};
/* End XCConfigurationList section */
	};
	rootObject = 84F718CE192A14A300709A08 /* Project object */;
}
